
Microsoft Visual Studio Solution File, Format Version 12.00
# Visual Studio Version 16
VisualStudioVersion = 16.0.30717.126
MinimumVisualStudioVersion = 10.0.40219.1
Project("{FAE04EC0-301F-11D3-BF4B-00C04F79EFBC}") = "C_Sharp", "C_Sharp\C_Sharp.csproj", "{6DF57C77-3232-4BAD-B34B-4BAE7EC5BD71}"
EndProject
Global
	GlobalSection(SolutionConfigurationPlatforms) = preSolution
		Debug|Any CPU = Debug|Any CPU
		Release|Any CPU = Release|Any CPU
	EndGlobalSection
	GlobalSection(ProjectConfigurationPlatforms) = postSolution
		{6DF57C77-3232-4BAD-B34B-4BAE7EC5BD71}.Debug|Any CPU.ActiveCfg = Debug|Any CPU
		{6DF57C77-3232-4BAD-B34B-4BAE7EC5BD71}.Debug|Any CPU.Build.0 = Debug|Any CPU
		{6DF57C77-3232-4BAD-B34B-4BAE7EC5BD71}.Release|Any CPU.ActiveCfg = Release|Any CPU
		{6DF57C77-3232-4BAD-B34B-4BAE7EC5BD71}.Release|Any CPU.Build.0 = Release|Any CPU
	EndGlobalSection
	GlobalSection(SolutionProperties) = preSolution
		HideSolutionNode = FALSE
	EndGlobalSection
	GlobalSection(ExtensibilityGlobals) = postSolution
		SolutionGuid = {BD76187D-FC28-4428-BDE9-1E20CC7FA3ED}
	EndGlobalSection
EndGlobal
